
Microsoft Visual Studio Solution File, Format Version 12.00
# Visual Studio Version 17
VisualStudioVersion = 17.7.34031.279
MinimumVisualStudioVersion = 10.0.40219.1
Project("{9A19103F-16F7-4668-BE54-9A1E7A4F7556}") = "WebAppDumpHeaders", "WebAppDumpHeaders\WebAppDumpHeaders.csproj", "{B643CA2F-D7D0-4C68-8A1D-73A0DE676438}"
EndProject
Project("{2150E333-8FDC-42A3-9474-1A3956D46DE8}") = "Solution Items", "Solution Items", "{1679C56B-825D-4338-B5D5-919728128223}"
	ProjectSection(SolutionItems) = preProject
		README.md = README.md
	EndProjectSection
EndProject
Global
	GlobalSection(SolutionConfigurationPlatforms) = preSolution
		Debug|Any CPU = Debug|Any CPU
		Release|Any CPU = Release|Any CPU
	EndGlobalSection
	GlobalSection(ProjectConfigurationPlatforms) = postSolution
		{B643CA2F-D7D0-4C68-8A1D-73A0DE676438}.Debug|Any CPU.ActiveCfg = Debug|Any CPU
		{B643CA2F-D7D0-4C68-8A1D-73A0DE676438}.Debug|Any CPU.Build.0 = Debug|Any CPU
		{B643CA2F-D7D0-4C68-8A1D-73A0DE676438}.Release|Any CPU.ActiveCfg = Release|Any CPU
		{B643CA2F-D7D0-4C68-8A1D-73A0DE676438}.Release|Any CPU.Build.0 = Release|Any CPU
	EndGlobalSection
	GlobalSection(SolutionProperties) = preSolution
		HideSolutionNode = FALSE
	EndGlobalSection
	GlobalSection(ExtensibilityGlobals) = postSolution
		SolutionGuid = {C32C47EF-72A7-4EEB-B1A6-3B5D9E1D84E8}
	EndGlobalSection
EndGlobal
